
Microsoft Visual Studio Solution File, Format Version 12.00
Project("{FAE04EC0-301F-11D3-BF4B-00C04F79EFBC}") = "dat-sharp-vfs", "dat-sharp-vfs\dat-sharp-vfs.csproj", "{6E29FF39-98EC-420D-B2AC-5463D5472FE9}"
EndProject
Project("{FAE04EC0-301F-11D3-BF4B-00C04F79EFBC}") = "dat-sharp-vfs.test", "dat-sharp-vfs.test\dat-sharp-vfs.test.csproj", "{32C41D0C-615A-40A0-91AE-451E0B96E930}"
EndProject
Global
	GlobalSection(SolutionConfigurationPlatforms) = preSolution
		Debug|Any CPU = Debug|Any CPU
		Release|Any CPU = Release|Any CPU
	EndGlobalSection
	GlobalSection(ProjectConfigurationPlatforms) = postSolution
		{6E29FF39-98EC-420D-B2AC-5463D5472FE9}.Debug|Any CPU.ActiveCfg = Debug|Any CPU
		{6E29FF39-98EC-420D-B2AC-5463D5472FE9}.Debug|Any CPU.Build.0 = Debug|Any CPU
		{6E29FF39-98EC-420D-B2AC-5463D5472FE9}.Release|Any CPU.ActiveCfg = Release|Any CPU
		{6E29FF39-98EC-420D-B2AC-5463D5472FE9}.Release|Any CPU.Build.0 = Release|Any CPU
		{32C41D0C-615A-40A0-91AE-451E0B96E930}.Debug|Any CPU.ActiveCfg = Debug|Any CPU
		{32C41D0C-615A-40A0-91AE-451E0B96E930}.Debug|Any CPU.Build.0 = Debug|Any CPU
		{32C41D0C-615A-40A0-91AE-451E0B96E930}.Release|Any CPU.ActiveCfg = Release|Any CPU
		{32C41D0C-615A-40A0-91AE-451E0B96E930}.Release|Any CPU.Build.0 = Release|Any CPU
	EndGlobalSection
EndGlobal
